// !$*UTF8*$!
{
	archiveVersion = 1;
	classes = {
	};
	objectVersion = 46;
	objects = {

/* Begin PBXBuildFile section */
		FDF7FFBF1D9DB109009B53BF /* main.cpp in Sources */ = {isa = PBXBuildFile; fileRef = FDF7FFBE1D9DB109009B53BF /* main.cpp */; };
		FDF7FFC71D9DB721009B53BF /* SomeClass.cpp in Sources */ = {isa = PBXBuildFile; fileRef = FDF7FFC51D9DB721009B53BF /* SomeClass.cpp */; };
/* End PBXBuildFile section */

/* Begin PBXCopyFilesBuildPhase section */
		FDF7FFB91D9DB109009B53BF /* CopyFiles */ = {
			isa = PBXCopyFilesBuildPhase;
			buildActionMask = 2147483647;
			dstPath = /usr/share/man/man1/;
			dstSubfolderSpec = 0;
			files = (
			);
			runOnlyForDeploymentPostprocessing = 1;
		};
/* End PBXCopyFilesBuildPhase section */

/* Begin PBXFileReference section */
		FDF7FFBB1D9DB109009B53BF /* CrossPlatform1 */ = {isa = PBXFileReference; explicitFileType = "compiled.mach-o.executable"; includeInIndex = 0; path = CrossPlatform1; sourceTree = BUILT_PRODUCTS_DIR; };
		FDF7FFBE1D9DB109009B53BF /* main.cpp */ = {isa = PBXFileReference; lastKnownFileType = sourcecode.cpp.cpp; path = main.cpp; sourceTree = "<group>"; };
		FDF7FFC51D9DB721009B53BF /* SomeClass.cpp */ = {isa = PBXFileReference; fileEncoding = 4; lastKnownFileType = sourcecode.cpp.cpp; path = SomeClass.cpp; sourceTree = "<group>"; };
		FDF7FFC61D9DB721009B53BF /* SomeClass.h */ = {isa = PBXFileReference; fileEncoding = 4; lastKnownFileType = sourcecode.c.h; path = SomeClass.h; sourceTree = "<group>"; };
/* End PBXFileReference section */

/* Begin PBXFrameworksBuildPhase section */
		FDF7FFB81D9DB109009B53BF /* Frameworks */ = {
			isa = PBXFrameworksBuildPhase;
			buildActionMask = 2147483647;
			files = (
			);
			runOnlyForDeploymentPostprocessing = 0;
		};
/* End PBXFrameworksBuildPhase section */

/* Begin PBXGroup section */
		FDF7FFB21D9DB109009B53BF = {
			isa = PBXGroup;
			children = (
				FDF7FFBD1D9DB109009B53BF /* CrossPlatform1 */,
				FDF7FFBC1D9DB109009B53BF /* Products */,
			);
			sourceTree = "<group>";
		};
		FDF7FFBC1D9DB109009B53BF /* Products */ = {
			isa = PBXGroup;
			children = (
				FDF7FFBB1D9DB109009B53BF /* CrossPlatform1 */,
			);
			name = Products;
			sourceTree = "<group>";
		};
		FDF7FFBD1D9DB109009B53BF /* CrossPlatform1 */ = {
			isa = PBXGroup;
			children = (
				FDF7FFBE1D9DB109009B53BF /* main.cpp */,
				FDF7FFC51D9DB721009B53BF /* SomeClass.cpp */,
				FDF7FFC61D9DB721009B53BF /* SomeClass.h */,
			);
			path = CrossPlatform1;
			sourceTree = "<group>";
		};
/* End PBXGroup section */

/* Begin PBXNativeTarget section */
		FDF7FFBA1D9DB109009B53BF /* CrossPlatform1 */ = {
			isa = PBXNativeTarget;
			buildConfigurationList = FDF7FFC21D9DB109009B53BF /* Build configuration list for PBXNativeTarget "CrossPlatform1" */;
			buildPhases = (
				FDF7FFB71D9DB109009B53BF /* Sources */,
				FDF7FFB81D9DB109009B53BF /* Frameworks */,
				FDF7FFB91D9DB109009B53BF /* CopyFiles */,
			);
			buildRules = (
			);
			dependencies = (
			);
			name = CrossPlatform1;
			productName = CrossPlatform1;
			productReference = FDF7FFBB1D9DB109009B53BF /* CrossPlatform1 */;
			productType = "com.apple.product-type.tool";
		};
/* End PBXNativeTarget section */

/* Begin PBXProject section */
		FDF7FFB31D9DB109009B53BF /* Project object */ = {
			isa = PBXProject;
			attributes = {
				LastUpgradeCheck = 0800;
				ORGANIZATIONNAME = "Markus Kastner";
				TargetAttributes = {
					FDF7FFBA1D9DB109009B53BF = {
						CreatedOnToolsVersion = 8.0;
						ProvisioningStyle = Automatic;
					};
				};
			};
			buildConfigurationList = FDF7FFB61D9DB109009B53BF /* Build configuration list for PBXProject "CrossPlatform1" */;
			compatibilityVersion = "Xcode 3.2";
			developmentRegion = English;
			hasScannedForEncodings = 0;
			knownRegions = (
				en,
			);
			mainGroup = FDF7FFB21D9DB109009B53BF;
			productRefGroup = FDF7FFBC1D9DB109009B53BF /* Products */;
			projectDirPath = "";
			projectRoot = "";
			targets = (
				FDF7FFBA1D9DB109009B53BF /* CrossPlatform1 */,
			);
		};
/* End PBXProject section */

/* Begin PBXSourcesBuildPhase section */
		FDF7FFB71D9DB109009B53BF /* Sources */ = {
			isa = PBXSourcesBuildPhase;
			buildActionMask = 2147483647;
			files = (
				FDF7FFC71D9DB721009B53BF /* SomeClass.cpp in Sources */,
				FDF7FFBF1D9DB109009B53BF /* main.cpp in Sources */,
			);
			runOnlyForDeploymentPostprocessing = 0;
		};
/* End PBXSourcesBuildPhase section */

/* Begin XCBuildConfiguration section */
		FDF7FFC01D9DB109009B53BF /* Debug */ = {
			isa = XCBuildConfiguration;
			buildSettings = {
				ALWAYS_SEARCH_USER_PATHS = NO;
				CLANG_ANALYZER_NONNULL = YES;
				CLANG_CXX_LANGUAGE_STANDARD = "gnu++0x";
				CLANG_CXX_LIBRARY = "libc++";
				CLANG_ENABLE_MODULES = YES;
				CLANG_ENABLE_OBJC_ARC = YES;
				CLANG_WARN_BOOL_CONVERSION = YES;
				CLANG_WARN_CONSTANT_CONVERSION = YES;
				CLANG_WARN_DIRECT_OBJC_ISA_USAGE = YES_ERROR;
				CLANG_WARN_DOCUMENTATION_COMMENTS = YES;
				CLANG_WARN_EMPTY_BODY = YES;
				CLANG_WARN_ENUM_CONVERSION = YES;
				CLANG_WARN_INFINITE_RECURSION = YES;
				CLANG_WARN_INT_CONVERSION = YES;
				CLANG_WARN_OBJC_ROOT_CLASS = YES_ERROR;
				CLANG_WARN_SUSPICIOUS_MOVES = YES;
				CLANG_WARN_UNREACHABLE_CODE = YES;
				CLANG_WARN__DUPLICATE_METHOD_MATCH = YES;
				CODE_SIGN_IDENTITY = "-";
				COPY_PHASE_STRIP = NO;
				DEBUG_INFORMATION_FORMAT = dwarf;
				ENABLE_STRICT_OBJC_MSGSEND = YES;
				ENABLE_TESTABILITY = YES;
				GCC_C_LANGUAGE_STANDARD = gnu99;
				GCC_DYNAMIC_NO_PIC = NO;
				GCC_NO_COMMON_BLOCKS = YES;
				GCC_OPTIMIZATION_LEVEL = 0;
				GCC_PREPROCESSOR_DEFINITIONS = (
					"DEBUG=1",
					"$(inherited)",
				);
				GCC_WARN_64_TO_32_BIT_CONVERSION = YES;
				GCC_WARN_ABOUT_RETURN_TYPE = YES_ERROR;
				GCC_WARN_UNDECLARED_SELECTOR = YES;
				GCC_WARN_UNINITIALIZED_AUTOS = YES_AGGRESSIVE;
				GCC_WARN_UNUSED_FUNCTION = YES;
				GCC_WARN_UNUSED_VARIABLE = YES;
				MACOSX_DEPLOYMENT_TARGET = 10.12;
				MTL_ENABLE_DEBUG_INFO = YES;
				ONLY_ACTIVE_ARCH = YES;
				SDKROOT = macosx;
			};
			name = Debug;
		};
		FDF7FFC11D9DB109009B53BF /* Release */ = {
			isa = XCBuildConfiguration;
			buildSettings = {
				ALWAYS_SEARCH_USER_PATHS = NO;
				CLANG_ANALYZER_NONNULL = YES;
				CLANG_CXX_LANGUAGE_STANDARD = "gnu++0x";
				CLANG_CXX_LIBRARY = "libc++";
				CLANG_ENABLE_MODULES = YES;
				CLANG_ENABLE_OBJC_ARC = YES;
				CLANG_WARN_BOOL_CONVERSION = YES;
				CLANG_WARN_CONSTANT_CONVERSION = YES;
				CLANG_WARN_DIRECT_OBJC_ISA_USAGE = YES_ERROR;
				CLANG_WARN_DOCUMENTATION_COMMENTS = YES;
				CLANG_WARN_EMPTY_BODY = YES;
				CLANG_WARN_ENUM_CONVERSION = YES;
				CLANG_WARN_INFINITE_RECURSION = YES;
				CLANG_WARN_INT_CONVERSION = YES;
				CLANG_WARN_OBJC_ROOT_CLASS = YES_ERROR;
				CLANG_WARN_SUSPICIOUS_MOVES = YES;
				CLANG_WARN_UNREACHABLE_CODE = YES;
				CLANG_WARN__DUPLICATE_METHOD_MATCH = YES;
				CODE_SIGN_IDENTITY = "-";
				COPY_PHASE_STRIP = NO;
				DEBUG_INFORMATION_FORMAT = "dwarf-with-dsym";
				ENABLE_NS_ASSERTIONS = NO;
				ENABLE_STRICT_OBJC_MSGSEND = YES;
				GCC_C_LANGUAGE_STANDARD = gnu99;
				GCC_NO_COMMON_BLOCKS = YES;
				GCC_WARN_64_TO_32_BIT_CONVERSION = YES;
				GCC_WARN_ABOUT_RETURN_TYPE = YES_ERROR;
				GCC_WARN_UNDECLARED_SELECTOR = YES;
				GCC_WARN_UNINITIALIZED_AUTOS = YES_AGGRESSIVE;
				GCC_WARN_UNUSED_FUNCTION = YES;
				GCC_WARN_UNUSED_VARIABLE = YES;
				MACOSX_DEPLOYMENT_TARGET = 10.12;
				MTL_ENABLE_DEBUG_INFO = NO;
				SDKROOT = macosx;
			};
			name = Release;
		};
		FDF7FFC31D9DB109009B53BF /* Debug */ = {
			isa = XCBuildConfiguration;
			buildSettings = {
				PRODUCT_NAME = "$(TARGET_NAME)";
			};
			name = Debug;
		};
		FDF7FFC41D9DB109009B53BF /* Release */ = {
			isa = XCBuildConfiguration;
			buildSettings = {
				PRODUCT_NAME = "$(TARGET_NAME)";
			};
			name = Release;
		};
/* End XCBuildConfiguration section */

/* Begin XCConfigurationList section */
		FDF7FFB61D9DB109009B53BF /* Build configuration list for PBXProject "CrossPlatform1" */ = {
			isa = XCConfigurationList;
			buildConfigurations = (
				FDF7FFC01D9DB109009B53BF /* Debug */,
				FDF7FFC11D9DB109009B53BF /* Release */,
			);
			defaultConfigurationIsVisible = 0;
			defaultConfigurationName = Release;
		};
		FDF7FFC21D9DB109009B53BF /* Build configuration list for PBXNativeTarget "CrossPlatform1" */ = {
			isa = XCConfigurationList;
			buildConfigurations = (
				FDF7FFC31D9DB109009B53BF /* Debug */,
				FDF7FFC41D9DB109009B53BF /* Release */,
			);
			defaultConfigurationIsVisible = 0;
		};
/* End XCConfigurationList section */
	};
	rootObject = FDF7FFB31D9DB109009B53BF /* Project object */;
}
